
Microsoft Visual Studio Solution File, Format Version 12.00
# Visual Studio Version 17
VisualStudioVersion = 17.6.33815.320
MinimumVisualStudioVersion = 10.0.40219.1
Project("{FAE04EC0-301F-11D3-BF4B-00C04F79EFBC}") = "NobleDeparture", "NobleDeparture\NobleDeparture.csproj", "{36B3CAD1-4739-4A23-BAB3-3AC0E47D61D3}"
EndProject
Global
	GlobalSection(SolutionConfigurationPlatforms) = preSolution
		Debug|Any CPU = Debug|Any CPU
		Release|Any CPU = Release|Any CPU
	EndGlobalSection
	GlobalSection(ProjectConfigurationPlatforms) = postSolution
		{36B3CAD1-4739-4A23-BAB3-3AC0E47D61D3}.Debug|Any CPU.ActiveCfg = Debug|Any CPU
		{36B3CAD1-4739-4A23-BAB3-3AC0E47D61D3}.Debug|Any CPU.Build.0 = Debug|Any CPU
		{36B3CAD1-4739-4A23-BAB3-3AC0E47D61D3}.Release|Any CPU.ActiveCfg = Release|Any CPU
		{36B3CAD1-4739-4A23-BAB3-3AC0E47D61D3}.Release|Any CPU.Build.0 = Release|Any CPU
	EndGlobalSection
	GlobalSection(SolutionProperties) = preSolution
		HideSolutionNode = FALSE
	EndGlobalSection
	GlobalSection(ExtensibilityGlobals) = postSolution
		SolutionGuid = {19267AF4-BAF1-4184-BBB0-F65BA8337046}
	EndGlobalSection
EndGlobal
